{
    "_meta": {
        "hash": {
            "sha256": "32d7499bfe0b698c178d478f9afed306249a212905810cf586215ffb69a43f6d"
        },
        "pipfile-spec": 6,
        "requires": {
            "python_version": "3.8"
        },
        "sources": [
            {
                "name": "pypi",
                "url": "https://pypi.python.org/simple",
                "verify_ssl": true
            }
        ]
    },
    "default": {
        "base58": {
            "hashes": [
                "sha256:1e42993c0628ed4f898c03b522b26af78fb05115732549b21a028bc4633d19ab",
                "sha256:6aa0553e477478993588303c54659d15e3c17ae062508c854a8b752d07c716bd",
                "sha256:9a793c599979c497800eb414c852b80866f28daaed5494703fc129592cc83e60"
            ],
            "version": "==1.0.3"
        },
        "colorlog": {
            "hashes": [
                "sha256:4e6be13d9169254e2ded6526a6a4a1abb8ac564f2fa65b310a98e4ca5bea2c04",
                "sha256:f17c013a06962b02f4449ee07cfdbe6b287df29efc2c9a1515b4a376f4e588ea"
            ],
            "index": "pypi",
            "version": "==5.0.1"
        },
        "concurrent-log-handler": {
            "hashes": [
                "sha256:00d5ca24d463a7013c3479b026f34b76da4b50df8d76194132b8d8403c014379",
                "sha256:b12f79abed3f94121c25ce9c24cdb57d889282ec6ff61f5535ab2068dc37d409"
            ],
            "index": "pypi",
            "version": "==0.9.19"
        },
        "morphys": {
            "hashes": [
                "sha256:76d6dbaa4d65f597e59d332c81da786d83e4669387b9b2a750cfec74e7beec20"
            ],
            "version": "==1.0"
        },
        "portalocker": {
            "hashes": [
                "sha256:1d43fd8223e1743f5725e8910f69e7a45858ffd298e19252633ac903eafd83bc",
                "sha256:4e913d807aa6598c320e8a50c50e2ee0602bc45240b485e3f8bc06f13060084c"
            ],
            "markers": "python_version >= '3'",
            "version": "==2.3.0"
        },
        "protobuf": {
            "hashes": [
                "sha256:11301f1993f67dc81fc5c4756623652c899f7b5574b1e095d63bfc78347b11f3",
                "sha256:228eecbedd46d75010f1e0f8ce34dbcd11ae5a40c165a9fc9d330a58aa302818",
                "sha256:2cec059f4821c8f58890920a5c8a828ea027d46d5b18cb5e9dd4c727c65a2aa0",
                "sha256:49dd3550bb42050d1676378c3fef91ff058d7023b77ac6f3179eb2a1c6c562d7",
                "sha256:4bb7064727953d9187f6806230968b98e1ce4ec03bd737600e8380a9e5a6ac15",
                "sha256:648178381d9dbbc736849443151533ab958e7b8bcbd658a62ad10906552fddcc",
                "sha256:675d8e7463e03cf8343792935d62b80d90839d56a228c941dfdddda946eea066",
                "sha256:80b233553ff500378becc372721541902c567e51b2654b68513d7b89c43dbc4b",
                "sha256:8c0d3a5aa3412a440a9384349f6095991e8a5012e619cf5f57f042829f65cdb3",
                "sha256:8ec649186f5443cab12692438190988bb9058dbfa5851d10d59a1c7214159a5f",
                "sha256:9191e97d92b62424423ce5a5604047fd76c80a4f463fbd10c9d8b82928f152cf",
                "sha256:b85ad5fe54163350067a53c0c170211c9f752dd4b4d8f339eb5aea8e987614a9",
                "sha256:bc1ba824ff750c2ead1e7b8dd049bb5ddf8658d056cf4b989f04c68b049a47a7",
                "sha256:be831508b9207156309a88b9d115dbae0caa4a987b05f1aa4fed4c5ac53ec51b",
                "sha256:bf9a5caa0e0093552c2cc6051facef15b9c9ad4b1bde70430964edf99eaf2dad",
                "sha256:c0f760adc1dd3dfe6d13af529b2ab42bb3fff1a2a00a6873b583b4ce0048ddff",
                "sha256:c356d038a4e4cf52ccd7aff8022fc6a76daa0be5ecf2517ed75b87d32be0405d",
                "sha256:c94ee9832fded92a11920b10d75c5aa7f4ef910b0bd463c039e102c8d7eb2c46",
                "sha256:d3b9988f1a3591d900a090887ae4c41592e252bef5b249ad7e1fc46c21617534",
                "sha256:ef9c2d0b3c0935725b547175745ceacb86f4d410b1e984d47e320c9efb1936c5"
            ],
            "index": "pypi",
            "version": "==3.16.0"
        },
        "py-cid": {
            "hashes": [
                "sha256:22f432cc6fb68d12a9c35dbdc92c95484fc49e31dfcb9e0efb0082233c5394e3",
                "sha256:7c48a6ee0bc50fd114d4b24849cd689a31d3ad5bdf8fa073bf68f846fd58c5da"
            ],
            "index": "pypi",
            "version": "==0.3.0"
        },
        "py-multibase": {
            "hashes": [
                "sha256:2677c1fafcc0ae15ddb9c7f444c5becc2530b3889124fd4fa2959ddfefb8c15b",
                "sha256:d28a20efcbb61eec28f55827a0bf329c7cea80fffd933aecaea6ae8431267fe4"
            ],
            "version": "==1.0.3"
        },
        "py-multicodec": {
            "hashes": [
                "sha256:55b6bb53088a63e56c434cb11b29795e8805652bac43d50a8f2a9bcf5ca84e1f",
                "sha256:83021ffe8c0e272d19b5b86bc5b39efa67c8e9f4735ce6cafdbc1ace767ec647"
            ],
            "index": "pypi",
            "version": "==0.2.1"
        },
        "py-multihash": {
            "hashes": [
                "sha256:a0602c99093587dfbf1634e2e8c7726de39374b0d68587a36093b4c237af6969",
                "sha256:f0ade4de820afdc4b4aaa40464ec86c9da5cae3a4578cda2daab4b0eb7e5b18d"
            ],
            "index": "pypi",
            "version": "==0.2.3"
        },
        "python-baseconv": {
            "hashes": [
                "sha256:0539f8bd0464013b05ad62e0a1673f0ac9086c76b43ebf9f833053527cd9931b"
            ],
            "version": "==1.2.2"
        },
        "six": {
            "hashes": [
                "sha256:1e61c37477a1626458e36f7b1d82aa5c9b094fa4802892072e49de9c60c4c926",
                "sha256:8abb2f1d86890a2dfb989f9a77cfcfd3e47c2a354b01111771326f8aa26e0254"
            ],
            "version": "==1.16.0"
        },
        "varint": {
            "hashes": [
                "sha256:a6ecc02377ac5ee9d65a6a8ad45c9ff1dac8ccee19400a5950fb51d594214ca5"
            ],
            "index": "pypi",
            "version": "==1.0.2"
        }
    },
    "develop": {}
}
